
Microsoft Visual Studio Solution File, Format Version 12.00
# Visual Studio Version 17
VisualStudioVersion = 17.4.33213.308
MinimumVisualStudioVersion = 10.0.40219.1
Project("{FAE04EC0-301F-11D3-BF4B-00C04F79EFBC}") = "Blazelounge_v2.Server", "Blazelounge_v2\Server\Blazelounge_v2.Server.csproj", "{3B984199-667E-4C5B-9D89-D39C0766B76E}"
EndProject
Project("{FAE04EC0-301F-11D3-BF4B-00C04F79EFBC}") = "Blazelounge_v2.Client", "Blazelounge_v2\Client\Blazelounge_v2.Client.csproj", "{BD78B0FC-F10C-4DB9-8A61-9495FA922519}"
EndProject
Project("{FAE04EC0-301F-11D3-BF4B-00C04F79EFBC}") = "Blazelounge_v2.Shared", "Blazelounge_v2\Shared\Blazelounge_v2.Shared.csproj", "{B8ADA308-78BC-446A-BFBA-925A7F675760}"
EndProject
Project("{FAE04EC0-301F-11D3-BF4B-00C04F79EFBC}") = "Blazelounge_v2.Data", "Blazelounge_v2.Data\Blazelounge_v2.Data.csproj", "{4B874B2D-5D63-42B5-BA8C-C88AFD3E83BA}"
EndProject
Project("{FAE04EC0-301F-11D3-BF4B-00C04F79EFBC}") = "Blazelounge_v2.Services", "Blazelounge_v2.Services\Blazelounge_v2.Services.csproj", "{0E202247-42DD-4AA7-91B6-2A31190AA66D}"
EndProject
Project("{FAE04EC0-301F-11D3-BF4B-00C04F79EFBC}") = "Blazelounge_v2.Repositories", "Blazelounge_v2.Repositories\Blazelounge_v2.Repositories.csproj", "{628E5761-2690-45AF-9728-85D95D992742}"
EndProject
Global
	GlobalSection(SolutionConfigurationPlatforms) = preSolution
		Debug|Any CPU = Debug|Any CPU
		Release|Any CPU = Release|Any CPU
	EndGlobalSection
	GlobalSection(ProjectConfigurationPlatforms) = postSolution
		{3B984199-667E-4C5B-9D89-D39C0766B76E}.Debug|Any CPU.ActiveCfg = Debug|Any CPU
		{3B984199-667E-4C5B-9D89-D39C0766B76E}.Debug|Any CPU.Build.0 = Debug|Any CPU
		{3B984199-667E-4C5B-9D89-D39C0766B76E}.Release|Any CPU.ActiveCfg = Release|Any CPU
		{3B984199-667E-4C5B-9D89-D39C0766B76E}.Release|Any CPU.Build.0 = Release|Any CPU
		{BD78B0FC-F10C-4DB9-8A61-9495FA922519}.Debug|Any CPU.ActiveCfg = Debug|Any CPU
		{BD78B0FC-F10C-4DB9-8A61-9495FA922519}.Debug|Any CPU.Build.0 = Debug|Any CPU
		{BD78B0FC-F10C-4DB9-8A61-9495FA922519}.Release|Any CPU.ActiveCfg = Release|Any CPU
		{BD78B0FC-F10C-4DB9-8A61-9495FA922519}.Release|Any CPU.Build.0 = Release|Any CPU
		{B8ADA308-78BC-446A-BFBA-925A7F675760}.Debug|Any CPU.ActiveCfg = Debug|Any CPU
		{B8ADA308-78BC-446A-BFBA-925A7F675760}.Debug|Any CPU.Build.0 = Debug|Any CPU
		{B8ADA308-78BC-446A-BFBA-925A7F675760}.Release|Any CPU.ActiveCfg = Release|Any CPU
		{B8ADA308-78BC-446A-BFBA-925A7F675760}.Release|Any CPU.Build.0 = Release|Any CPU
		{4B874B2D-5D63-42B5-BA8C-C88AFD3E83BA}.Debug|Any CPU.ActiveCfg = Debug|Any CPU
		{4B874B2D-5D63-42B5-BA8C-C88AFD3E83BA}.Debug|Any CPU.Build.0 = Debug|Any CPU
		{4B874B2D-5D63-42B5-BA8C-C88AFD3E83BA}.Release|Any CPU.ActiveCfg = Release|Any CPU
		{4B874B2D-5D63-42B5-BA8C-C88AFD3E83BA}.Release|Any CPU.Build.0 = Release|Any CPU
		{0E202247-42DD-4AA7-91B6-2A31190AA66D}.Debug|Any CPU.ActiveCfg = Debug|Any CPU
		{0E202247-42DD-4AA7-91B6-2A31190AA66D}.Debug|Any CPU.Build.0 = Debug|Any CPU
		{0E202247-42DD-4AA7-91B6-2A31190AA66D}.Release|Any CPU.ActiveCfg = Release|Any CPU
		{0E202247-42DD-4AA7-91B6-2A31190AA66D}.Release|Any CPU.Build.0 = Release|Any CPU
		{628E5761-2690-45AF-9728-85D95D992742}.Debug|Any CPU.ActiveCfg = Debug|Any CPU
		{628E5761-2690-45AF-9728-85D95D992742}.Debug|Any CPU.Build.0 = Debug|Any CPU
		{628E5761-2690-45AF-9728-85D95D992742}.Release|Any CPU.ActiveCfg = Release|Any CPU
		{628E5761-2690-45AF-9728-85D95D992742}.Release|Any CPU.Build.0 = Release|Any CPU
	EndGlobalSection
	GlobalSection(SolutionProperties) = preSolution
		HideSolutionNode = FALSE
	EndGlobalSection
	GlobalSection(ExtensibilityGlobals) = postSolution
		SolutionGuid = {97383461-7C2A-44F2-A1B6-CDD381F30D4B}
	EndGlobalSection
EndGlobal
